{
  "name": "inter-repo-action-triggering",
  "version": "1.1.1",
  "lockfileVersion": 2,
  "requires": true,
  "packages": {
    "": {
      "name": "inter-repo-action-triggering",
      "version": "1.1.1",
      "dependencies": {
        "@experiencetheride/js-message-types": "^1.1.0"
      },
      "devDependencies": {}
    },
    "node_modules/@experiencetheride/js-message-types": {
      "version": "1.1.0",
      "resolved": "https://npm.pkg.github.com/download/@experiencetheride/js-message-types/1.1.0/c6e6cc70daee2d98ed1b8181bb2b90bdbe3d0554c2472b6e350d964929d778e9",
      "integrity": "sha512-C3xgFVt/XWS90cIwUuRPGXAvNArMZNT0p/TadN8bYNplESqT3u/cfrU8Thz5BrbLveMgpSUpmpAUeJFVlVO4UQ==",
      "dependencies": {
        "uuid": "^8.3.2"
      }
    },
    "node_modules/uuid": {
      "version": "8.3.2",
      "resolved": "https://registry.npmjs.org/uuid/-/uuid-8.3.2.tgz",
      "integrity": "sha512-+NYs2QeMWy+GWFOEm9xnn6HCDp0l7QBD7ml8zLUmJ+93Q5NF0NocErnwkTkXVFNiX3/fpC6afS8Dhb/gz7R7eg==",
      "bin": {
        "uuid": "dist/bin/uuid"
      }
    }
  },
  "dependencies": {
    "@experiencetheride/js-message-types": {
      "version": "1.1.0",
      "resolved": "https://npm.pkg.github.com/download/@experiencetheride/js-message-types/1.1.0/c6e6cc70daee2d98ed1b8181bb2b90bdbe3d0554c2472b6e350d964929d778e9",
      "integrity": "sha512-C3xgFVt/XWS90cIwUuRPGXAvNArMZNT0p/TadN8bYNplESqT3u/cfrU8Thz5BrbLveMgpSUpmpAUeJFVlVO4UQ==",
      "requires": {
        "uuid": "^8.3.2"
      }
    },
    "uuid": {
      "version": "8.3.2",
      "resolved": "https://registry.npmjs.org/uuid/-/uuid-8.3.2.tgz",
      "integrity": "sha512-+NYs2QeMWy+GWFOEm9xnn6HCDp0l7QBD7ml8zLUmJ+93Q5NF0NocErnwkTkXVFNiX3/fpC6afS8Dhb/gz7R7eg=="
    }
  }
}
